
Microsoft Visual Studio Solution File, Format Version 12.00
# Visual Studio 15
VisualStudioVersion = 15.0.26730.16
MinimumVisualStudioVersion = 10.0.40219.1
Project("{FAE04EC0-301F-11D3-BF4B-00C04F79EFBC}") = "DeliveriesApp.Android", "DeliveriesApp\DeliveriesApp.Android\DeliveriesApp.Android.csproj", "{F025B83B-BF07-47FA-B903-3CB9FB5B8C26}"
EndProject
Project("{FAE04EC0-301F-11D3-BF4B-00C04F79EFBC}") = "DeliveriesApp.iOS", "DeliveriesApp\DeliveriesApp.iOS\DeliveriesApp.iOS.csproj", "{46A090AE-3582-4987-B86D-56AD7B0748CC}"
EndProject
Project("{FAE04EC0-301F-11D3-BF4B-00C04F79EFBC}") = "DeliveriesApp", "DeliveriesApp\DeliveriesApp\DeliveriesApp.csproj", "{8FCA4DB4-5081-43A8-85F4-198F5F4C1D0A}"
EndProject
Project("{FAE04EC0-301F-11D3-BF4B-00C04F79EFBC}") = "DeliveryPersonApp.Android", "DeliveryPersonApp.Android\DeliveryPersonApp.Android.csproj", "{D5F25DCA-D863-46E1-AF9C-0F464A05AAB1}"
EndProject
Project("{FAE04EC0-301F-11D3-BF4B-00C04F79EFBC}") = "DeliveryPersonApp.iOS", "DeliveryPersonApp.iOS\DeliveryPersonApp.iOS.csproj", "{91E96C1A-D85D-4F00-8FF5-D05DB9FC29F9}"
EndProject
Global
	GlobalSection(SolutionConfigurationPlatforms) = preSolution
		Ad-Hoc|Any CPU = Ad-Hoc|Any CPU
		Ad-Hoc|iPhone = Ad-Hoc|iPhone
		Ad-Hoc|iPhoneSimulator = Ad-Hoc|iPhoneSimulator
		AppStore|Any CPU = AppStore|Any CPU
		AppStore|iPhone = AppStore|iPhone
		AppStore|iPhoneSimulator = AppStore|iPhoneSimulator
		Debug|Any CPU = Debug|Any CPU
		Debug|iPhone = Debug|iPhone
		Debug|iPhoneSimulator = Debug|iPhoneSimulator
		Release|Any CPU = Release|Any CPU
		Release|iPhone = Release|iPhone
		Release|iPhoneSimulator = Release|iPhoneSimulator
	EndGlobalSection
	GlobalSection(ProjectConfigurationPlatforms) = postSolution
		{F025B83B-BF07-47FA-B903-3CB9FB5B8C26}.Ad-Hoc|Any CPU.ActiveCfg = Release|Any CPU
		{F025B83B-BF07-47FA-B903-3CB9FB5B8C26}.Ad-Hoc|Any CPU.Build.0 = Release|Any CPU
		{F025B83B-BF07-47FA-B903-3CB9FB5B8C26}.Ad-Hoc|Any CPU.Deploy.0 = Release|Any CPU
		{F025B83B-BF07-47FA-B903-3CB9FB5B8C26}.Ad-Hoc|iPhone.ActiveCfg = Release|Any CPU
		{F025B83B-BF07-47FA-B903-3CB9FB5B8C26}.Ad-Hoc|iPhone.Build.0 = Release|Any CPU
		{F025B83B-BF07-47FA-B903-3CB9FB5B8C26}.Ad-Hoc|iPhone.Deploy.0 = Release|Any CPU
		{F025B83B-BF07-47FA-B903-3CB9FB5B8C26}.Ad-Hoc|iPhoneSimulator.ActiveCfg = Release|Any CPU
		{F025B83B-BF07-47FA-B903-3CB9FB5B8C26}.Ad-Hoc|iPhoneSimulator.Build.0 = Release|Any CPU
		{F025B83B-BF07-47FA-B903-3CB9FB5B8C26}.Ad-Hoc|iPhoneSimulator.Deploy.0 = Release|Any CPU
		{F025B83B-BF07-47FA-B903-3CB9FB5B8C26}.AppStore|Any CPU.ActiveCfg = Release|Any CPU
		{F025B83B-BF07-47FA-B903-3CB9FB5B8C26}.AppStore|Any CPU.Build.0 = Release|Any CPU
		{F025B83B-BF07-47FA-B903-3CB9FB5B8C26}.AppStore|Any CPU.Deploy.0 = Release|Any CPU
		{F025B83B-BF07-47FA-B903-3CB9FB5B8C26}.AppStore|iPhone.ActiveCfg = Release|Any CPU
		{F025B83B-BF07-47FA-B903-3CB9FB5B8C26}.AppStore|iPhone.Build.0 = Release|Any CPU
		{F025B83B-BF07-47FA-B903-3CB9FB5B8C26}.AppStore|iPhone.Deploy.0 = Release|Any CPU
		{F025B83B-BF07-47FA-B903-3CB9FB5B8C26}.AppStore|iPhoneSimulator.ActiveCfg = Release|Any CPU
		{F025B83B-BF07-47FA-B903-3CB9FB5B8C26}.AppStore|iPhoneSimulator.Build.0 = Release|Any CPU
		{F025B83B-BF07-47FA-B903-3CB9FB5B8C26}.AppStore|iPhoneSimulator.Deploy.0 = Release|Any CPU
		{F025B83B-BF07-47FA-B903-3CB9FB5B8C26}.Debug|Any CPU.ActiveCfg = Debug|Any CPU
		{F025B83B-BF07-47FA-B903-3CB9FB5B8C26}.Debug|Any CPU.Build.0 = Debug|Any CPU
		{F025B83B-BF07-47FA-B903-3CB9FB5B8C26}.Debug|Any CPU.Deploy.0 = Debug|Any CPU
		{F025B83B-BF07-47FA-B903-3CB9FB5B8C26}.Debug|iPhone.ActiveCfg = Debug|Any CPU
		{F025B83B-BF07-47FA-B903-3CB9FB5B8C26}.Debug|iPhone.Build.0 = Debug|Any CPU
		{F025B83B-BF07-47FA-B903-3CB9FB5B8C26}.Debug|iPhone.Deploy.0 = Debug|Any CPU
		{F025B83B-BF07-47FA-B903-3CB9FB5B8C26}.Debug|iPhoneSimulator.ActiveCfg = Debug|Any CPU
		{F025B83B-BF07-47FA-B903-3CB9FB5B8C26}.Debug|iPhoneSimulator.Build.0 = Debug|Any CPU
		{F025B83B-BF07-47FA-B903-3CB9FB5B8C26}.Debug|iPhoneSimulator.Deploy.0 = Debug|Any CPU
		{F025B83B-BF07-47FA-B903-3CB9FB5B8C26}.Release|Any CPU.ActiveCfg = Release|Any CPU
		{F025B83B-BF07-47FA-B903-3CB9FB5B8C26}.Release|Any CPU.Build.0 = Release|Any CPU
		{F025B83B-BF07-47FA-B903-3CB9FB5B8C26}.Release|Any CPU.Deploy.0 = Release|Any CPU
		{F025B83B-BF07-47FA-B903-3CB9FB5B8C26}.Release|iPhone.ActiveCfg = Release|Any CPU
		{F025B83B-BF07-47FA-B903-3CB9FB5B8C26}.Release|iPhone.Build.0 = Release|Any CPU
		{F025B83B-BF07-47FA-B903-3CB9FB5B8C26}.Release|iPhone.Deploy.0 = Release|Any CPU
		{F025B83B-BF07-47FA-B903-3CB9FB5B8C26}.Release|iPhoneSimulator.ActiveCfg = Release|Any CPU
		{F025B83B-BF07-47FA-B903-3CB9FB5B8C26}.Release|iPhoneSimulator.Build.0 = Release|Any CPU
		{F025B83B-BF07-47FA-B903-3CB9FB5B8C26}.Release|iPhoneSimulator.Deploy.0 = Release|Any CPU
		{46A090AE-3582-4987-B86D-56AD7B0748CC}.Ad-Hoc|Any CPU.ActiveCfg = Release|iPhoneSimulator
		{46A090AE-3582-4987-B86D-56AD7B0748CC}.Ad-Hoc|Any CPU.Build.0 = Release|iPhoneSimulator
		{46A090AE-3582-4987-B86D-56AD7B0748CC}.Ad-Hoc|iPhone.ActiveCfg = Release|iPhone
		{46A090AE-3582-4987-B86D-56AD7B0748CC}.Ad-Hoc|iPhone.Build.0 = Release|iPhone
		{46A090AE-3582-4987-B86D-56AD7B0748CC}.Ad-Hoc|iPhoneSimulator.ActiveCfg = Release|iPhoneSimulator
		{46A090AE-3582-4987-B86D-56AD7B0748CC}.Ad-Hoc|iPhoneSimulator.Build.0 = Release|iPhoneSimulator
		{46A090AE-3582-4987-B86D-56AD7B0748CC}.AppStore|Any CPU.ActiveCfg = Release|iPhoneSimulator
		{46A090AE-3582-4987-B86D-56AD7B0748CC}.AppStore|Any CPU.Build.0 = Release|iPhoneSimulator
		{46A090AE-3582-4987-B86D-56AD7B0748CC}.AppStore|iPhone.ActiveCfg = Release|iPhone
		{46A090AE-3582-4987-B86D-56AD7B0748CC}.AppStore|iPhone.Build.0 = Release|iPhone
		{46A090AE-3582-4987-B86D-56AD7B0748CC}.AppStore|iPhoneSimulator.ActiveCfg = Release|iPhoneSimulator
		{46A090AE-3582-4987-B86D-56AD7B0748CC}.AppStore|iPhoneSimulator.Build.0 = Release|iPhoneSimulator
		{46A090AE-3582-4987-B86D-56AD7B0748CC}.Debug|Any CPU.ActiveCfg = Debug|iPhone
		{46A090AE-3582-4987-B86D-56AD7B0748CC}.Debug|iPhone.ActiveCfg = Debug|iPhone
		{46A090AE-3582-4987-B86D-56AD7B0748CC}.Debug|iPhone.Build.0 = Debug|iPhone
		{46A090AE-3582-4987-B86D-56AD7B0748CC}.Debug|iPhoneSimulator.ActiveCfg = Debug|iPhoneSimulator
		{46A090AE-3582-4987-B86D-56AD7B0748CC}.Debug|iPhoneSimulator.Build.0 = Debug|iPhoneSimulator
		{46A090AE-3582-4987-B86D-56AD7B0748CC}.Release|Any CPU.ActiveCfg = Release|iPhone
		{46A090AE-3582-4987-B86D-56AD7B0748CC}.Release|iPhone.ActiveCfg = Release|iPhone
		{46A090AE-3582-4987-B86D-56AD7B0748CC}.Release|iPhone.Build.0 = Release|iPhone
		{46A090AE-3582-4987-B86D-56AD7B0748CC}.Release|iPhoneSimulator.ActiveCfg = Release|iPhoneSimulator
		{46A090AE-3582-4987-B86D-56AD7B0748CC}.Release|iPhoneSimulator.Build.0 = Release|iPhoneSimulator
		{8FCA4DB4-5081-43A8-85F4-198F5F4C1D0A}.Ad-Hoc|Any CPU.ActiveCfg = Release|Any CPU
		{8FCA4DB4-5081-43A8-85F4-198F5F4C1D0A}.Ad-Hoc|Any CPU.Build.0 = Release|Any CPU
		{8FCA4DB4-5081-43A8-85F4-198F5F4C1D0A}.Ad-Hoc|iPhone.ActiveCfg = Release|Any CPU
		{8FCA4DB4-5081-43A8-85F4-198F5F4C1D0A}.Ad-Hoc|iPhone.Build.0 = Release|Any CPU
		{8FCA4DB4-5081-43A8-85F4-198F5F4C1D0A}.Ad-Hoc|iPhoneSimulator.ActiveCfg = Release|Any CPU
		{8FCA4DB4-5081-43A8-85F4-198F5F4C1D0A}.Ad-Hoc|iPhoneSimulator.Build.0 = Release|Any CPU
		{8FCA4DB4-5081-43A8-85F4-198F5F4C1D0A}.AppStore|Any CPU.ActiveCfg = Release|Any CPU
		{8FCA4DB4-5081-43A8-85F4-198F5F4C1D0A}.AppStore|Any CPU.Build.0 = Release|Any CPU
		{8FCA4DB4-5081-43A8-85F4-198F5F4C1D0A}.AppStore|iPhone.ActiveCfg = Release|Any CPU
		{8FCA4DB4-5081-43A8-85F4-198F5F4C1D0A}.AppStore|iPhone.Build.0 = Release|Any CPU
		{8FCA4DB4-5081-43A8-85F4-198F5F4C1D0A}.AppStore|iPhoneSimulator.ActiveCfg = Release|Any CPU
		{8FCA4DB4-5081-43A8-85F4-198F5F4C1D0A}.AppStore|iPhoneSimulator.Build.0 = Release|Any CPU
		{8FCA4DB4-5081-43A8-85F4-198F5F4C1D0A}.Debug|Any CPU.ActiveCfg = Debug|Any CPU
		{8FCA4DB4-5081-43A8-85F4-198F5F4C1D0A}.Debug|Any CPU.Build.0 = Debug|Any CPU
		{8FCA4DB4-5081-43A8-85F4-198F5F4C1D0A}.Debug|iPhone.ActiveCfg = Debug|Any CPU
		{8FCA4DB4-5081-43A8-85F4-198F5F4C1D0A}.Debug|iPhone.Build.0 = Debug|Any CPU
		{8FCA4DB4-5081-43A8-85F4-198F5F4C1D0A}.Debug|iPhoneSimulator.ActiveCfg = Debug|Any CPU
		{8FCA4DB4-5081-43A8-85F4-198F5F4C1D0A}.Debug|iPhoneSimulator.Build.0 = Debug|Any CPU
		{8FCA4DB4-5081-43A8-85F4-198F5F4C1D0A}.Release|Any CPU.ActiveCfg = Release|Any CPU
		{8FCA4DB4-5081-43A8-85F4-198F5F4C1D0A}.Release|Any CPU.Build.0 = Release|Any CPU
		{8FCA4DB4-5081-43A8-85F4-198F5F4C1D0A}.Release|iPhone.ActiveCfg = Release|Any CPU
		{8FCA4DB4-5081-43A8-85F4-198F5F4C1D0A}.Release|iPhone.Build.0 = Release|Any CPU
		{8FCA4DB4-5081-43A8-85F4-198F5F4C1D0A}.Release|iPhoneSimulator.ActiveCfg = Release|Any CPU
		{8FCA4DB4-5081-43A8-85F4-198F5F4C1D0A}.Release|iPhoneSimulator.Build.0 = Release|Any CPU
		{D5F25DCA-D863-46E1-AF9C-0F464A05AAB1}.Ad-Hoc|Any CPU.ActiveCfg = Release|Any CPU
		{D5F25DCA-D863-46E1-AF9C-0F464A05AAB1}.Ad-Hoc|Any CPU.Build.0 = Release|Any CPU
		{D5F25DCA-D863-46E1-AF9C-0F464A05AAB1}.Ad-Hoc|Any CPU.Deploy.0 = Release|Any CPU
		{D5F25DCA-D863-46E1-AF9C-0F464A05AAB1}.Ad-Hoc|iPhone.ActiveCfg = Release|Any CPU
		{D5F25DCA-D863-46E1-AF9C-0F464A05AAB1}.Ad-Hoc|iPhone.Build.0 = Release|Any CPU
		{D5F25DCA-D863-46E1-AF9C-0F464A05AAB1}.Ad-Hoc|iPhone.Deploy.0 = Release|Any CPU
		{D5F25DCA-D863-46E1-AF9C-0F464A05AAB1}.Ad-Hoc|iPhoneSimulator.ActiveCfg = Release|Any CPU
		{D5F25DCA-D863-46E1-AF9C-0F464A05AAB1}.Ad-Hoc|iPhoneSimulator.Build.0 = Release|Any CPU
		{D5F25DCA-D863-46E1-AF9C-0F464A05AAB1}.Ad-Hoc|iPhoneSimulator.Deploy.0 = Release|Any CPU
		{D5F25DCA-D863-46E1-AF9C-0F464A05AAB1}.AppStore|Any CPU.ActiveCfg = Release|Any CPU
		{D5F25DCA-D863-46E1-AF9C-0F464A05AAB1}.AppStore|Any CPU.Build.0 = Release|Any CPU
		{D5F25DCA-D863-46E1-AF9C-0F464A05AAB1}.AppStore|Any CPU.Deploy.0 = Release|Any CPU
		{D5F25DCA-D863-46E1-AF9C-0F464A05AAB1}.AppStore|iPhone.ActiveCfg = Release|Any CPU
		{D5F25DCA-D863-46E1-AF9C-0F464A05AAB1}.AppStore|iPhone.Build.0 = Release|Any CPU
		{D5F25DCA-D863-46E1-AF9C-0F464A05AAB1}.AppStore|iPhone.Deploy.0 = Release|Any CPU
		{D5F25DCA-D863-46E1-AF9C-0F464A05AAB1}.AppStore|iPhoneSimulator.ActiveCfg = Release|Any CPU
		{D5F25DCA-D863-46E1-AF9C-0F464A05AAB1}.AppStore|iPhoneSimulator.Build.0 = Release|Any CPU
		{D5F25DCA-D863-46E1-AF9C-0F464A05AAB1}.AppStore|iPhoneSimulator.Deploy.0 = Release|Any CPU
		{D5F25DCA-D863-46E1-AF9C-0F464A05AAB1}.Debug|Any CPU.ActiveCfg = Debug|Any CPU
		{D5F25DCA-D863-46E1-AF9C-0F464A05AAB1}.Debug|Any CPU.Build.0 = Debug|Any CPU
		{D5F25DCA-D863-46E1-AF9C-0F464A05AAB1}.Debug|Any CPU.Deploy.0 = Debug|Any CPU
		{D5F25DCA-D863-46E1-AF9C-0F464A05AAB1}.Debug|iPhone.ActiveCfg = Debug|Any CPU
		{D5F25DCA-D863-46E1-AF9C-0F464A05AAB1}.Debug|iPhone.Build.0 = Debug|Any CPU
		{D5F25DCA-D863-46E1-AF9C-0F464A05AAB1}.Debug|iPhone.Deploy.0 = Debug|Any CPU
		{D5F25DCA-D863-46E1-AF9C-0F464A05AAB1}.Debug|iPhoneSimulator.ActiveCfg = Debug|Any CPU
		{D5F25DCA-D863-46E1-AF9C-0F464A05AAB1}.Debug|iPhoneSimulator.Build.0 = Debug|Any CPU
		{D5F25DCA-D863-46E1-AF9C-0F464A05AAB1}.Debug|iPhoneSimulator.Deploy.0 = Debug|Any CPU
		{D5F25DCA-D863-46E1-AF9C-0F464A05AAB1}.Release|Any CPU.ActiveCfg = Release|Any CPU
		{D5F25DCA-D863-46E1-AF9C-0F464A05AAB1}.Release|Any CPU.Build.0 = Release|Any CPU
		{D5F25DCA-D863-46E1-AF9C-0F464A05AAB1}.Release|Any CPU.Deploy.0 = Release|Any CPU
		{D5F25DCA-D863-46E1-AF9C-0F464A05AAB1}.Release|iPhone.ActiveCfg = Release|Any CPU
		{D5F25DCA-D863-46E1-AF9C-0F464A05AAB1}.Release|iPhone.Build.0 = Release|Any CPU
		{D5F25DCA-D863-46E1-AF9C-0F464A05AAB1}.Release|iPhone.Deploy.0 = Release|Any CPU
		{D5F25DCA-D863-46E1-AF9C-0F464A05AAB1}.Release|iPhoneSimulator.ActiveCfg = Release|Any CPU
		{D5F25DCA-D863-46E1-AF9C-0F464A05AAB1}.Release|iPhoneSimulator.Build.0 = Release|Any CPU
		{D5F25DCA-D863-46E1-AF9C-0F464A05AAB1}.Release|iPhoneSimulator.Deploy.0 = Release|Any CPU
		{91E96C1A-D85D-4F00-8FF5-D05DB9FC29F9}.Ad-Hoc|Any CPU.ActiveCfg = Ad-Hoc|iPhone
		{91E96C1A-D85D-4F00-8FF5-D05DB9FC29F9}.Ad-Hoc|iPhone.ActiveCfg = Ad-Hoc|iPhone
		{91E96C1A-D85D-4F00-8FF5-D05DB9FC29F9}.Ad-Hoc|iPhone.Build.0 = Ad-Hoc|iPhone
		{91E96C1A-D85D-4F00-8FF5-D05DB9FC29F9}.Ad-Hoc|iPhoneSimulator.ActiveCfg = Ad-Hoc|iPhoneSimulator
		{91E96C1A-D85D-4F00-8FF5-D05DB9FC29F9}.Ad-Hoc|iPhoneSimulator.Build.0 = Ad-Hoc|iPhoneSimulator
		{91E96C1A-D85D-4F00-8FF5-D05DB9FC29F9}.AppStore|Any CPU.ActiveCfg = AppStore|iPhone
		{91E96C1A-D85D-4F00-8FF5-D05DB9FC29F9}.AppStore|iPhone.ActiveCfg = AppStore|iPhone
		{91E96C1A-D85D-4F00-8FF5-D05DB9FC29F9}.AppStore|iPhone.Build.0 = AppStore|iPhone
		{91E96C1A-D85D-4F00-8FF5-D05DB9FC29F9}.AppStore|iPhoneSimulator.ActiveCfg = AppStore|iPhoneSimulator
		{91E96C1A-D85D-4F00-8FF5-D05DB9FC29F9}.AppStore|iPhoneSimulator.Build.0 = AppStore|iPhoneSimulator
		{91E96C1A-D85D-4F00-8FF5-D05DB9FC29F9}.Debug|Any CPU.ActiveCfg = Debug|iPhone
		{91E96C1A-D85D-4F00-8FF5-D05DB9FC29F9}.Debug|iPhone.ActiveCfg = Debug|iPhone
		{91E96C1A-D85D-4F00-8FF5-D05DB9FC29F9}.Debug|iPhone.Build.0 = Debug|iPhone
		{91E96C1A-D85D-4F00-8FF5-D05DB9FC29F9}.Debug|iPhoneSimulator.ActiveCfg = Debug|iPhoneSimulator
		{91E96C1A-D85D-4F00-8FF5-D05DB9FC29F9}.Debug|iPhoneSimulator.Build.0 = Debug|iPhoneSimulator
		{91E96C1A-D85D-4F00-8FF5-D05DB9FC29F9}.Release|Any CPU.ActiveCfg = Release|iPhone
		{91E96C1A-D85D-4F00-8FF5-D05DB9FC29F9}.Release|iPhone.ActiveCfg = Release|iPhone
		{91E96C1A-D85D-4F00-8FF5-D05DB9FC29F9}.Release|iPhone.Build.0 = Release|iPhone
		{91E96C1A-D85D-4F00-8FF5-D05DB9FC29F9}.Release|iPhoneSimulator.ActiveCfg = Release|iPhoneSimulator
		{91E96C1A-D85D-4F00-8FF5-D05DB9FC29F9}.Release|iPhoneSimulator.Build.0 = Release|iPhoneSimulator
	EndGlobalSection
	GlobalSection(SolutionProperties) = preSolution
		HideSolutionNode = FALSE
	EndGlobalSection
	GlobalSection(ExtensibilityGlobals) = postSolution
		SolutionGuid = {98EF481A-6F08-47FE-9784-AF38E7B83937}
	EndGlobalSection
EndGlobal
